
Microsoft Visual Studio Solution File, Format Version 12.00
# Visual Studio 15
VisualStudioVersion = 15.0.28307.1022
MinimumVisualStudioVersion = 10.0.40219.1
Project("{FAE04EC0-301F-11D3-BF4B-00C04F79EFBC}") = "AppParcial2.Android", "AppParcial2\AppParcial2.Android\AppParcial2.Android.csproj", "{20476A74-43B4-4455-955B-C43AC7BB7F66}"
EndProject
Project("{FAE04EC0-301F-11D3-BF4B-00C04F79EFBC}") = "AppParcial2", "AppParcial2\AppParcial2\AppParcial2.csproj", "{69518F7D-F5E0-465E-8B2B-BBB11ACBA980}"
EndProject
Global
	GlobalSection(SolutionConfigurationPlatforms) = preSolution
		Debug|Any CPU = Debug|Any CPU
		Release|Any CPU = Release|Any CPU
	EndGlobalSection
	GlobalSection(ProjectConfigurationPlatforms) = postSolution
		{20476A74-43B4-4455-955B-C43AC7BB7F66}.Debug|Any CPU.ActiveCfg = Debug|Any CPU
		{20476A74-43B4-4455-955B-C43AC7BB7F66}.Debug|Any CPU.Build.0 = Debug|Any CPU
		{20476A74-43B4-4455-955B-C43AC7BB7F66}.Debug|Any CPU.Deploy.0 = Debug|Any CPU
		{20476A74-43B4-4455-955B-C43AC7BB7F66}.Release|Any CPU.ActiveCfg = Release|Any CPU
		{20476A74-43B4-4455-955B-C43AC7BB7F66}.Release|Any CPU.Build.0 = Release|Any CPU
		{20476A74-43B4-4455-955B-C43AC7BB7F66}.Release|Any CPU.Deploy.0 = Release|Any CPU
		{69518F7D-F5E0-465E-8B2B-BBB11ACBA980}.Debug|Any CPU.ActiveCfg = Debug|Any CPU
		{69518F7D-F5E0-465E-8B2B-BBB11ACBA980}.Debug|Any CPU.Build.0 = Debug|Any CPU
		{69518F7D-F5E0-465E-8B2B-BBB11ACBA980}.Debug|Any CPU.Deploy.0 = Debug|Any CPU
		{69518F7D-F5E0-465E-8B2B-BBB11ACBA980}.Release|Any CPU.ActiveCfg = Release|Any CPU
		{69518F7D-F5E0-465E-8B2B-BBB11ACBA980}.Release|Any CPU.Build.0 = Release|Any CPU
		{69518F7D-F5E0-465E-8B2B-BBB11ACBA980}.Release|Any CPU.Deploy.0 = Release|Any CPU
	EndGlobalSection
	GlobalSection(SolutionProperties) = preSolution
		HideSolutionNode = FALSE
	EndGlobalSection
	GlobalSection(ExtensibilityGlobals) = postSolution
		SolutionGuid = {506A5F02-8EE2-4AFB-AB15-0A20E0BDF34F}
	EndGlobalSection
EndGlobal
